
Microsoft Visual Studio Solution File, Format Version 12.00
# Visual Studio Version 16
VisualStudioVersion = 16.0.30621.155
MinimumVisualStudioVersion = 10.0.40219.1
Project("{FAE04EC0-301F-11D3-BF4B-00C04F79EFBC}") = "DbfTests", "DBF\DbfTests.csproj", "{CE94CFB9-A247-4C7F-AAEF-78FAB1ED4CF3}"
EndProject
Global
	GlobalSection(SolutionConfigurationPlatforms) = preSolution
		Debug|Any CPU = Debug|Any CPU
		Release|Any CPU = Release|Any CPU
	EndGlobalSection
	GlobalSection(ProjectConfigurationPlatforms) = postSolution
		{CE94CFB9-A247-4C7F-AAEF-78FAB1ED4CF3}.Debug|Any CPU.ActiveCfg = Debug|Any CPU
		{CE94CFB9-A247-4C7F-AAEF-78FAB1ED4CF3}.Debug|Any CPU.Build.0 = Debug|Any CPU
		{CE94CFB9-A247-4C7F-AAEF-78FAB1ED4CF3}.Release|Any CPU.ActiveCfg = Release|Any CPU
		{CE94CFB9-A247-4C7F-AAEF-78FAB1ED4CF3}.Release|Any CPU.Build.0 = Release|Any CPU
	EndGlobalSection
	GlobalSection(SolutionProperties) = preSolution
		HideSolutionNode = FALSE
	EndGlobalSection
	GlobalSection(ExtensibilityGlobals) = postSolution
		SolutionGuid = {441097E5-0562-474B-A9D6-82EF3466D9DA}
	EndGlobalSection
EndGlobal
